
Microsoft Visual Studio Solution File, Format Version 12.00
# Visual Studio Version 16
VisualStudioVersion = 16.0.29306.81
MinimumVisualStudioVersion = 10.0.40219.1
Project("{9A19103F-16F7-4668-BE54-9A1E7A4F7556}") = "HashExtensions", "HashExtensions\HashExtensions.csproj", "{AB0FA627-7C03-44F3-B3D3-DFBBD73B8AA5}"
EndProject
Project("{9A19103F-16F7-4668-BE54-9A1E7A4F7556}") = "HashExtensionsTests", "HashExtensionsTests\HashExtensionsTests.csproj", "{8BCB4287-4465-4CBC-B4FD-5FDA8806185E}"
EndProject
Project("{2150E333-8FDC-42A3-9474-1A3956D46DE8}") = "Additionals", "Additionals", "{16A03223-4055-4F68-A810-026EF90120D1}"
	ProjectSection(SolutionItems) = preProject
		README.md = README.md
	EndProjectSection
EndProject
Global
	GlobalSection(SolutionConfigurationPlatforms) = preSolution
		Debug|Any CPU = Debug|Any CPU
		Release|Any CPU = Release|Any CPU
	EndGlobalSection
	GlobalSection(ProjectConfigurationPlatforms) = postSolution
		{AB0FA627-7C03-44F3-B3D3-DFBBD73B8AA5}.Debug|Any CPU.ActiveCfg = Debug|Any CPU
		{AB0FA627-7C03-44F3-B3D3-DFBBD73B8AA5}.Debug|Any CPU.Build.0 = Debug|Any CPU
		{AB0FA627-7C03-44F3-B3D3-DFBBD73B8AA5}.Release|Any CPU.ActiveCfg = Release|Any CPU
		{AB0FA627-7C03-44F3-B3D3-DFBBD73B8AA5}.Release|Any CPU.Build.0 = Release|Any CPU
		{8BCB4287-4465-4CBC-B4FD-5FDA8806185E}.Debug|Any CPU.ActiveCfg = Debug|Any CPU
		{8BCB4287-4465-4CBC-B4FD-5FDA8806185E}.Debug|Any CPU.Build.0 = Debug|Any CPU
		{8BCB4287-4465-4CBC-B4FD-5FDA8806185E}.Release|Any CPU.ActiveCfg = Release|Any CPU
		{8BCB4287-4465-4CBC-B4FD-5FDA8806185E}.Release|Any CPU.Build.0 = Release|Any CPU
	EndGlobalSection
	GlobalSection(SolutionProperties) = preSolution
		HideSolutionNode = FALSE
	EndGlobalSection
	GlobalSection(ExtensibilityGlobals) = postSolution
		SolutionGuid = {2465ECE3-4245-4ECA-BEB1-0CC65B73C834}
	EndGlobalSection
EndGlobal
